
Microsoft Visual Studio Solution File, Format Version 12.00
# Visual Studio 15
VisualStudioVersion = 15.0.26730.16
MinimumVisualStudioVersion = 10.0.40219.1
Project("{FAE04EC0-301F-11D3-BF4B-00C04F79EFBC}") = "sselOnLine", "sselOnLine\sselOnLine.csproj", "{EB14DEE5-8FA4-4253-8A36-5F882F878D52}"
EndProject
Project("{FAE04EC0-301F-11D3-BF4B-00C04F79EFBC}") = "LNF", "..\LNF\LNF\LNF.csproj", "{E3B73410-869B-4BA2-99AC-AD6708A27ADE}"
EndProject
Project("{FAE04EC0-301F-11D3-BF4B-00C04F79EFBC}") = "LNF.Impl", "..\LNF\LNF.Impl\LNF.Impl.csproj", "{F490B789-B824-4A8C-90FC-AC447C3277F0}"
EndProject
Project("{FAE04EC0-301F-11D3-BF4B-00C04F79EFBC}") = "sselOnLine.AppCode", "sselOnLine.AppCode\sselOnLine.AppCode.csproj", "{AD572AEC-2878-4EB6-AECD-117723F36994}"
EndProject
Project("{FAE04EC0-301F-11D3-BF4B-00C04F79EFBC}") = "LNF.Web", "..\LNF\LNF.Web\LNF.Web.csproj", "{F79683FF-E524-4107-A6E1-29579EE544E1}"
EndProject
Project("{FAE04EC0-301F-11D3-BF4B-00C04F79EFBC}") = "LNF.Models", "..\lnf\LNF.Models\LNF.Models.csproj", "{98C7F73D-EF9D-4A87-8B79-A1208085CFBD}"
EndProject
Global
	GlobalSection(SolutionConfigurationPlatforms) = preSolution
		Debug|Any CPU = Debug|Any CPU
		Release|Any CPU = Release|Any CPU
	EndGlobalSection
	GlobalSection(ProjectConfigurationPlatforms) = postSolution
		{EB14DEE5-8FA4-4253-8A36-5F882F878D52}.Debug|Any CPU.ActiveCfg = Debug|Any CPU
		{EB14DEE5-8FA4-4253-8A36-5F882F878D52}.Debug|Any CPU.Build.0 = Debug|Any CPU
		{EB14DEE5-8FA4-4253-8A36-5F882F878D52}.Release|Any CPU.ActiveCfg = Release|Any CPU
		{EB14DEE5-8FA4-4253-8A36-5F882F878D52}.Release|Any CPU.Build.0 = Release|Any CPU
		{E3B73410-869B-4BA2-99AC-AD6708A27ADE}.Debug|Any CPU.ActiveCfg = Debug|Any CPU
		{E3B73410-869B-4BA2-99AC-AD6708A27ADE}.Debug|Any CPU.Build.0 = Debug|Any CPU
		{E3B73410-869B-4BA2-99AC-AD6708A27ADE}.Release|Any CPU.ActiveCfg = Release|Any CPU
		{E3B73410-869B-4BA2-99AC-AD6708A27ADE}.Release|Any CPU.Build.0 = Release|Any CPU
		{F490B789-B824-4A8C-90FC-AC447C3277F0}.Debug|Any CPU.ActiveCfg = Debug|Any CPU
		{F490B789-B824-4A8C-90FC-AC447C3277F0}.Debug|Any CPU.Build.0 = Debug|Any CPU
		{F490B789-B824-4A8C-90FC-AC447C3277F0}.Release|Any CPU.ActiveCfg = Release|Any CPU
		{F490B789-B824-4A8C-90FC-AC447C3277F0}.Release|Any CPU.Build.0 = Release|Any CPU
		{AD572AEC-2878-4EB6-AECD-117723F36994}.Debug|Any CPU.ActiveCfg = Debug|Any CPU
		{AD572AEC-2878-4EB6-AECD-117723F36994}.Debug|Any CPU.Build.0 = Debug|Any CPU
		{AD572AEC-2878-4EB6-AECD-117723F36994}.Release|Any CPU.ActiveCfg = Release|Any CPU
		{AD572AEC-2878-4EB6-AECD-117723F36994}.Release|Any CPU.Build.0 = Release|Any CPU
		{F79683FF-E524-4107-A6E1-29579EE544E1}.Debug|Any CPU.ActiveCfg = Debug|Any CPU
		{F79683FF-E524-4107-A6E1-29579EE544E1}.Debug|Any CPU.Build.0 = Debug|Any CPU
		{F79683FF-E524-4107-A6E1-29579EE544E1}.Release|Any CPU.ActiveCfg = Release|Any CPU
		{F79683FF-E524-4107-A6E1-29579EE544E1}.Release|Any CPU.Build.0 = Release|Any CPU
		{98C7F73D-EF9D-4A87-8B79-A1208085CFBD}.Debug|Any CPU.ActiveCfg = Debug|Any CPU
		{98C7F73D-EF9D-4A87-8B79-A1208085CFBD}.Debug|Any CPU.Build.0 = Debug|Any CPU
		{98C7F73D-EF9D-4A87-8B79-A1208085CFBD}.Release|Any CPU.ActiveCfg = Release|Any CPU
		{98C7F73D-EF9D-4A87-8B79-A1208085CFBD}.Release|Any CPU.Build.0 = Release|Any CPU
	EndGlobalSection
	GlobalSection(SolutionProperties) = preSolution
		HideSolutionNode = FALSE
	EndGlobalSection
	GlobalSection(ExtensibilityGlobals) = postSolution
		SolutionGuid = {B8D3D6D0-2FB0-41BA-A0E3-12645E627838}
	EndGlobalSection
EndGlobal
